
Microsoft Visual Studio Solution File, Format Version 12.00
# Visual Studio Version 16
VisualStudioVersion = 16.0.32802.440
MinimumVisualStudioVersion = 10.0.40219.1
Project("{9A19103F-16F7-4668-BE54-9A1E7A4F7556}") = "Set", "Set\Set.csproj", "{F0CBD2B2-964B-4511-A8AE-F64B86478BDB}"
EndProject
Project("{FAE04EC0-301F-11D3-BF4B-00C04F79EFBC}") = "Set_Enumerable", "Set_Enumerable\Set_Enumerable.csproj", "{8468D615-A18E-4005-8571-D2A781FD2CA7}"
EndProject
Project("{FAE04EC0-301F-11D3-BF4B-00C04F79EFBC}") = "Set_Enumerator", "Set_Enumerator\Set_Enumerator.csproj", "{710BAA9E-B24E-486C-BADB-9EC66ECB7CEC}"
EndProject
Project("{FAE04EC0-301F-11D3-BF4B-00C04F79EFBC}") = "Set_Generic", "Set_Generic\Set_Generic.csproj", "{06D490E2-83A2-4AEC-8113-ABAA9E407856}"
EndProject
Global
	GlobalSection(SolutionConfigurationPlatforms) = preSolution
		Debug|Any CPU = Debug|Any CPU
		Release|Any CPU = Release|Any CPU
	EndGlobalSection
	GlobalSection(ProjectConfigurationPlatforms) = postSolution
		{F0CBD2B2-964B-4511-A8AE-F64B86478BDB}.Debug|Any CPU.ActiveCfg = Debug|Any CPU
		{F0CBD2B2-964B-4511-A8AE-F64B86478BDB}.Debug|Any CPU.Build.0 = Debug|Any CPU
		{F0CBD2B2-964B-4511-A8AE-F64B86478BDB}.Release|Any CPU.ActiveCfg = Release|Any CPU
		{F0CBD2B2-964B-4511-A8AE-F64B86478BDB}.Release|Any CPU.Build.0 = Release|Any CPU
		{8468D615-A18E-4005-8571-D2A781FD2CA7}.Debug|Any CPU.ActiveCfg = Debug|Any CPU
		{8468D615-A18E-4005-8571-D2A781FD2CA7}.Debug|Any CPU.Build.0 = Debug|Any CPU
		{8468D615-A18E-4005-8571-D2A781FD2CA7}.Release|Any CPU.ActiveCfg = Release|Any CPU
		{8468D615-A18E-4005-8571-D2A781FD2CA7}.Release|Any CPU.Build.0 = Release|Any CPU
		{710BAA9E-B24E-486C-BADB-9EC66ECB7CEC}.Debug|Any CPU.ActiveCfg = Debug|Any CPU
		{710BAA9E-B24E-486C-BADB-9EC66ECB7CEC}.Debug|Any CPU.Build.0 = Debug|Any CPU
		{710BAA9E-B24E-486C-BADB-9EC66ECB7CEC}.Release|Any CPU.ActiveCfg = Release|Any CPU
		{710BAA9E-B24E-486C-BADB-9EC66ECB7CEC}.Release|Any CPU.Build.0 = Release|Any CPU
		{06D490E2-83A2-4AEC-8113-ABAA9E407856}.Debug|Any CPU.ActiveCfg = Debug|Any CPU
		{06D490E2-83A2-4AEC-8113-ABAA9E407856}.Debug|Any CPU.Build.0 = Debug|Any CPU
		{06D490E2-83A2-4AEC-8113-ABAA9E407856}.Release|Any CPU.ActiveCfg = Release|Any CPU
		{06D490E2-83A2-4AEC-8113-ABAA9E407856}.Release|Any CPU.Build.0 = Release|Any CPU
	EndGlobalSection
	GlobalSection(SolutionProperties) = preSolution
		HideSolutionNode = FALSE
	EndGlobalSection
	GlobalSection(ExtensibilityGlobals) = postSolution
		SolutionGuid = {775212FF-5683-4308-B816-4DF45676B7B7}
	EndGlobalSection
EndGlobal
