
Microsoft Visual Studio Solution File, Format Version 12.00
# Visual Studio Version 17
VisualStudioVersion = 17.14.36811.4 d17.14
MinimumVisualStudioVersion = 10.0.40219.1
Project("{FAE04EC0-301F-11D3-BF4B-00C04F79EFBC}") = "HF06", "HF06.csproj", "{A52FB43C-0687-4B65-A019-7B8279DDD664}"
EndProject
Global
	GlobalSection(SolutionConfigurationPlatforms) = preSolution
		Debug|Any CPU = Debug|Any CPU
		Release|Any CPU = Release|Any CPU
	EndGlobalSection
	GlobalSection(ProjectConfigurationPlatforms) = postSolution
		{A52FB43C-0687-4B65-A019-7B8279DDD664}.Debug|Any CPU.ActiveCfg = Debug|Any CPU
		{A52FB43C-0687-4B65-A019-7B8279DDD664}.Debug|Any CPU.Build.0 = Debug|Any CPU
		{A52FB43C-0687-4B65-A019-7B8279DDD664}.Release|Any CPU.ActiveCfg = Release|Any CPU
		{A52FB43C-0687-4B65-A019-7B8279DDD664}.Release|Any CPU.Build.0 = Release|Any CPU
	EndGlobalSection
	GlobalSection(SolutionProperties) = preSolution
		HideSolutionNode = FALSE
	EndGlobalSection
	GlobalSection(ExtensibilityGlobals) = postSolution
		SolutionGuid = {E0CFDD72-DDC0-4BD7-81EB-F9FC3B43C301}
	EndGlobalSection
EndGlobal
