Microsoft Visual Studio Solution File, Format Version 12.00
# Visual Studio Version 17
VisualStudioVersion = 17.5.2.0
MinimumVisualStudioVersion = 10.0.40219.1
Project("{FAE04EC0-301F-11D3-BF4B-00C04F79EFBC}") = "HF08", "HF08\HF08.csproj", "{54881E22-1F9F-EDA8-F7AD-7F71C8C2CB34}"
EndProject
Global
	GlobalSection(SolutionConfigurationPlatforms) = preSolution
		Debug|Any CPU = Debug|Any CPU
		Release|Any CPU = Release|Any CPU
	EndGlobalSection
	GlobalSection(ProjectConfigurationPlatforms) = postSolution
		{54881E22-1F9F-EDA8-F7AD-7F71C8C2CB34}.Debug|Any CPU.ActiveCfg = Debug|Any CPU
		{54881E22-1F9F-EDA8-F7AD-7F71C8C2CB34}.Debug|Any CPU.Build.0 = Debug|Any CPU
		{54881E22-1F9F-EDA8-F7AD-7F71C8C2CB34}.Release|Any CPU.ActiveCfg = Release|Any CPU
		{54881E22-1F9F-EDA8-F7AD-7F71C8C2CB34}.Release|Any CPU.Build.0 = Release|Any CPU
	EndGlobalSection
	GlobalSection(SolutionProperties) = preSolution
		HideSolutionNode = FALSE
	EndGlobalSection
	GlobalSection(ExtensibilityGlobals) = postSolution
		SolutionGuid = {9C356A41-287A-4ABE-AEBF-0C1DE4336C1F}
	EndGlobalSection
EndGlobal
